
Microsoft Visual Studio Solution File, Format Version 12.00
# Visual Studio 15
VisualStudioVersion = 15.0.27703.2026
MinimumVisualStudioVersion = 10.0.40219.1
Project("{8BC9CEB8-8B4A-11D0-8D11-00A0C91BC942}") = "Hamming", "Hamming.vcxproj", "{FDE0BB2E-AA2A-4B68-AF98-AD8E58034889}"
EndProject
Global
	GlobalSection(SolutionConfigurationPlatforms) = preSolution
		Debug|x64 = Debug|x64
		Debug|x86 = Debug|x86
		Release|x64 = Release|x64
		Release|x86 = Release|x86
	EndGlobalSection
	GlobalSection(ProjectConfigurationPlatforms) = postSolution
		{FDE0BB2E-AA2A-4B68-AF98-AD8E58034889}.Debug|x64.ActiveCfg = Debug|x64
		{FDE0BB2E-AA2A-4B68-AF98-AD8E58034889}.Debug|x64.Build.0 = Debug|x64
		{FDE0BB2E-AA2A-4B68-AF98-AD8E58034889}.Debug|x86.ActiveCfg = Debug|Win32
		{FDE0BB2E-AA2A-4B68-AF98-AD8E58034889}.Debug|x86.Build.0 = Debug|Win32
		{FDE0BB2E-AA2A-4B68-AF98-AD8E58034889}.Release|x64.ActiveCfg = Release|x64
		{FDE0BB2E-AA2A-4B68-AF98-AD8E58034889}.Release|x64.Build.0 = Release|x64
		{FDE0BB2E-AA2A-4B68-AF98-AD8E58034889}.Release|x86.ActiveCfg = Release|Win32
		{FDE0BB2E-AA2A-4B68-AF98-AD8E58034889}.Release|x86.Build.0 = Release|Win32
	EndGlobalSection
	GlobalSection(SolutionProperties) = preSolution
		HideSolutionNode = FALSE
	EndGlobalSection
	GlobalSection(ExtensibilityGlobals) = postSolution
		SolutionGuid = {706B6B3B-83D8-432D-92DE-7D5567055275}
	EndGlobalSection
EndGlobal
